
Microsoft Visual Studio Solution File, Format Version 12.00
# Visual Studio 15
VisualStudioVersion = 15.0.28010.2016
MinimumVisualStudioVersion = 10.0.40219.1
Project("{FAE04EC0-301F-11D3-BF4B-00C04F79EFBC}") = "Labb2", "Labb2\Labb2.csproj", "{05392BEE-C1D3-4CE5-929F-062F30B105E8}"
EndProject
Global
	GlobalSection(SolutionConfigurationPlatforms) = preSolution
		Debug|Any CPU = Debug|Any CPU
		Release|Any CPU = Release|Any CPU
	EndGlobalSection
	GlobalSection(ProjectConfigurationPlatforms) = postSolution
		{05392BEE-C1D3-4CE5-929F-062F30B105E8}.Debug|Any CPU.ActiveCfg = Debug|Any CPU
		{05392BEE-C1D3-4CE5-929F-062F30B105E8}.Debug|Any CPU.Build.0 = Debug|Any CPU
		{05392BEE-C1D3-4CE5-929F-062F30B105E8}.Release|Any CPU.ActiveCfg = Release|Any CPU
		{05392BEE-C1D3-4CE5-929F-062F30B105E8}.Release|Any CPU.Build.0 = Release|Any CPU
	EndGlobalSection
	GlobalSection(SolutionProperties) = preSolution
		HideSolutionNode = FALSE
	EndGlobalSection
	GlobalSection(ExtensibilityGlobals) = postSolution
		SolutionGuid = {0B890F00-6017-4252-9D15-ED035498A67D}
	EndGlobalSection
EndGlobal
